%{
  "castore": {:hex, :castore, "1.0.3", "7130ba6d24c8424014194676d608cb989f62ef8039efd50ff4b3f33286d06db8", [:mix], [], "hexpm", "680ab01ef5d15b161ed6a95449fac5c6b8f60055677a8e79acf01b27baa4390b"},
  "orb_wasmtime": {:hex, :orb_wasmtime, "0.1.2", "33f83e7d665bd61a0066572a73bf58eaa75034c918d6fb7948f54f8290e315f3", [:mix], [{:rustler, "~> 0.29.0", [hex: :rustler, repo: "hexpm", optional: true]}, {:rustler_precompiled, "~> 0.6", [hex: :rustler_precompiled, repo: "hexpm", optional: false]}], "hexpm", "66c639fa4e9bc631617b6ce16e95f6aec66dc3dc84611f81b230e4577d816f4b"},
  "rustler_precompiled": {:hex, :rustler_precompiled, "0.6.2", "d2218ba08a43fa331957f30481d00b666664d7e3861431b02bd3f4f30eec8e5b", [:mix], [{:castore, "~> 0.1 or ~> 1.0", [hex: :castore, repo: "hexpm", optional: false]}, {:rustler, "~> 0.23", [hex: :rustler, repo: "hexpm", optional: true]}], "hexpm", "b9048eaed8d7d14a53f758c91865cc616608a438d2595f621f6a4b32a5511709"},
}
